# THIS IS AN AUTOGENERATED FILE. DO NOT EDIT THIS FILE DIRECTLY.
# yarn lockfile v1


jquery.json-viewer@^1.5.0:
  version "1.5.0"
  resolved "https://registry.yarnpkg.com/jquery.json-viewer/-/jquery.json-viewer-1.5.0.tgz#57bd248a8cf180c67c322cc4b555b49d0d301f10"
  integrity sha512-M/mRFXg14V/UUAlz7TBNBIDmQdWt05BunsqC/UjEx5BoFdQpNpfkfDdVn+VtjX951n/an/T9GWB3apBp02x8Mg==
